
Microsoft Visual Studio Solution File, Format Version 12.00
# Visual Studio Version 16
VisualStudioVersion = 16.0.32413.511
MinimumVisualStudioVersion = 10.0.40219.1
Project("{FAE04EC0-301F-11D3-BF4B-00C04F79EFBC}") = "Lab3", "Lab3\Lab3.csproj", "{49F04849-2E80-427F-BCA4-FF89467E7D17}"
EndProject
Global
	GlobalSection(SolutionConfigurationPlatforms) = preSolution
		Debug|Any CPU = Debug|Any CPU
		Release|Any CPU = Release|Any CPU
	EndGlobalSection
	GlobalSection(ProjectConfigurationPlatforms) = postSolution
		{49F04849-2E80-427F-BCA4-FF89467E7D17}.Debug|Any CPU.ActiveCfg = Debug|Any CPU
		{49F04849-2E80-427F-BCA4-FF89467E7D17}.Debug|Any CPU.Build.0 = Debug|Any CPU
		{49F04849-2E80-427F-BCA4-FF89467E7D17}.Release|Any CPU.ActiveCfg = Release|Any CPU
		{49F04849-2E80-427F-BCA4-FF89467E7D17}.Release|Any CPU.Build.0 = Release|Any CPU
	EndGlobalSection
	GlobalSection(SolutionProperties) = preSolution
		HideSolutionNode = FALSE
	EndGlobalSection
	GlobalSection(ExtensibilityGlobals) = postSolution
		SolutionGuid = {02B3465A-38B3-42D0-A092-96F87D293A32}
	EndGlobalSection
EndGlobal
